
Microsoft Visual Studio Solution File, Format Version 12.00
# Visual Studio Version 17
VisualStudioVersion = 17.0.31903.59
MinimumVisualStudioVersion = 10.0.40219.1
Project("{2150E333-8FDC-42A3-9474-1A3956D46DE8}") = "src", "src", "{A296F177-F453-49AB-B785-E7F5F26CD6C9}"
EndProject
Project("{FAE04EC0-301F-11D3-BF4B-00C04F79EFBC}") = "RZ.Foundation.Testing", "src\RZ.Foundation.Testing\RZ.Foundation.Testing.csproj", "{4F580DCB-4579-4D94-B947-EFAC0650CAF9}"
EndProject
Project("{2150E333-8FDC-42A3-9474-1A3956D46DE8}") = "Solution Items", "Solution Items", "{1357AA5B-CCD8-4489-B480-353CE1F70F17}"
	ProjectSection(SolutionItems) = preProject
		build.ps1 = build.ps1
		.gitignore = .gitignore
	EndProjectSection
EndProject
Global
	GlobalSection(SolutionConfigurationPlatforms) = preSolution
		Debug|Any CPU = Debug|Any CPU
		Release|Any CPU = Release|Any CPU
	EndGlobalSection
	GlobalSection(SolutionProperties) = preSolution
		HideSolutionNode = FALSE
	EndGlobalSection
	GlobalSection(ProjectConfigurationPlatforms) = postSolution
		{4F580DCB-4579-4D94-B947-EFAC0650CAF9}.Debug|Any CPU.ActiveCfg = Debug|Any CPU
		{4F580DCB-4579-4D94-B947-EFAC0650CAF9}.Debug|Any CPU.Build.0 = Debug|Any CPU
		{4F580DCB-4579-4D94-B947-EFAC0650CAF9}.Release|Any CPU.ActiveCfg = Release|Any CPU
		{4F580DCB-4579-4D94-B947-EFAC0650CAF9}.Release|Any CPU.Build.0 = Release|Any CPU
	EndGlobalSection
	GlobalSection(NestedProjects) = preSolution
		{4F580DCB-4579-4D94-B947-EFAC0650CAF9} = {A296F177-F453-49AB-B785-E7F5F26CD6C9}
	EndGlobalSection
EndGlobal
